// !$*UTF8*$!
{
	archiveVersion = 1;
	classes = {
	};
	objectVersion = 46;
	objects = {

/* Begin PBXBuildFile section */
		E80A28EB18E373FB005F9C01 /* Foundation.framework in Frameworks */ = {isa = PBXBuildFile; fileRef = E80A28EA18E373FB005F9C01 /* Foundation.framework */; };
		E80A28ED18E373FB005F9C01 /* CoreGraphics.framework in Frameworks */ = {isa = PBXBuildFile; fileRef = E80A28EC18E373FB005F9C01 /* CoreGraphics.framework */; };
		E80A28EF18E373FB005F9C01 /* UIKit.framework in Frameworks */ = {isa = PBXBuildFile; fileRef = E80A28EE18E373FB005F9C01 /* UIKit.framework */; };
		E80A28F518E373FB005F9C01 /* InfoPlist.strings in Resources */ = {isa = PBXBuildFile; fileRef = E80A28F318E373FB005F9C01 /* InfoPlist.strings */; };
		E80A28F718E373FB005F9C01 /* main.m in Sources */ = {isa = PBXBuildFile; fileRef = E80A28F618E373FB005F9C01 /* main.m */; };
		E80A28FB18E373FB005F9C01 /* AppDelegate.m in Sources */ = {isa = PBXBuildFile; fileRef = E80A28FA18E373FB005F9C01 /* AppDelegate.m */; };
		E80A28FE18E373FB005F9C01 /* Main.storyboard in Resources */ = {isa = PBXBuildFile; fileRef = E80A28FC18E373FB005F9C01 /* Main.storyboard */; };
		E80A290118E373FB005F9C01 /* ViewController.m in Sources */ = {isa = PBXBuildFile; fileRef = E80A290018E373FB005F9C01 /* ViewController.m */; };
		E80A290318E373FB005F9C01 /* Images.xcassets in Resources */ = {isa = PBXBuildFile; fileRef = E80A290218E373FB005F9C01 /* Images.xcassets */; };
		E80A290A18E373FB005F9C01 /* XCTest.framework in Frameworks */ = {isa = PBXBuildFile; fileRef = E80A290918E373FB005F9C01 /* XCTest.framework */; };
		E80A290B18E373FB005F9C01 /* Foundation.framework in Frameworks */ = {isa = PBXBuildFile; fileRef = E80A28EA18E373FB005F9C01 /* Foundation.framework */; };
		E80A290C18E373FB005F9C01 /* UIKit.framework in Frameworks */ = {isa = PBXBuildFile; fileRef = E80A28EE18E373FB005F9C01 /* UIKit.framework */; };
		E80A291418E373FB005F9C01 /* InfoPlist.strings in Resources */ = {isa = PBXBuildFile; fileRef = E80A291218E373FB005F9C01 /* InfoPlist.strings */; };
		E80A291618E373FB005F9C01 /* helitutorialTests.m in Sources */ = {isa = PBXBuildFile; fileRef = E80A291518E373FB005F9C01 /* helitutorialTests.m */; };
		E80A292418E37534005F9C01 /* Obstacle.png in Resources */ = {isa = PBXBuildFile; fileRef = E80A291F18E37534005F9C01 /* Obstacle.png */; };
		E80A292518E37534005F9C01 /* HeliUp.png in Resources */ = {isa = PBXBuildFile; fileRef = E80A292018E37534005F9C01 /* HeliUp.png */; };
		E80A292618E37534005F9C01 /* HeliDown.png in Resources */ = {isa = PBXBuildFile; fileRef = E80A292118E37534005F9C01 /* HeliDown.png */; };
		E80A292718E37534005F9C01 /* HeliBackGround.png in Resources */ = {isa = PBXBuildFile; fileRef = E80A292218E37534005F9C01 /* HeliBackGround.png */; };
		E80A292818E37534005F9C01 /* coffeebeans.png in Resources */ = {isa = PBXBuildFile; fileRef = E80A292318E37534005F9C01 /* coffeebeans.png */; };
/* End PBXBuildFile section */

/* Begin PBXContainerItemProxy section */
		E80A290D18E373FB005F9C01 /* PBXContainerItemProxy */ = {
			isa = PBXContainerItemProxy;
			containerPortal = E80A28DF18E373FB005F9C01 /* Project object */;
			proxyType = 1;
			remoteGlobalIDString = E80A28E618E373FB005F9C01;
			remoteInfo = helitutorial;
		};
/* End PBXContainerItemProxy section */

/* Begin PBXFileReference section */
		E80A28E718E373FB005F9C01 /* helitutorial.app */ = {isa = PBXFileReference; explicitFileType = wrapper.application; includeInIndex = 0; path = helitutorial.app; sourceTree = BUILT_PRODUCTS_DIR; };
		E80A28EA18E373FB005F9C01 /* Foundation.framework */ = {isa = PBXFileReference; lastKnownFileType = wrapper.framework; name = Foundation.framework; path = System/Library/Frameworks/Foundation.framework; sourceTree = SDKROOT; };
		E80A28EC18E373FB005F9C01 /* CoreGraphics.framework */ = {isa = PBXFileReference; lastKnownFileType = wrapper.framework; name = CoreGraphics.framework; path = System/Library/Frameworks/CoreGraphics.framework; sourceTree = SDKROOT; };
		E80A28EE18E373FB005F9C01 /* UIKit.framework */ = {isa = PBXFileReference; lastKnownFileType = wrapper.framework; name = UIKit.framework; path = System/Library/Frameworks/UIKit.framework; sourceTree = SDKROOT; };
		E80A28F218E373FB005F9C01 /* helitutorial-Info.plist */ = {isa = PBXFileReference; lastKnownFileType = text.plist.xml; path = "helitutorial-Info.plist"; sourceTree = "<group>"; };
		E80A28F418E373FB005F9C01 /* en */ = {isa = PBXFileReference; lastKnownFileType = text.plist.strings; name = en; path = en.lproj/InfoPlist.strings; sourceTree = "<group>"; };
		E80A28F618E373FB005F9C01 /* main.m */ = {isa = PBXFileReference; lastKnownFileType = sourcecode.c.objc; path = main.m; sourceTree = "<group>"; };
		E80A28F818E373FB005F9C01 /* helitutorial-Prefix.pch */ = {isa = PBXFileReference; lastKnownFileType = sourcecode.c.h; path = "helitutorial-Prefix.pch"; sourceTree = "<group>"; };
		E80A28F918E373FB005F9C01 /* AppDelegate.h */ = {isa = PBXFileReference; lastKnownFileType = sourcecode.c.h; path = AppDelegate.h; sourceTree = "<group>"; };
		E80A28FA18E373FB005F9C01 /* AppDelegate.m */ = {isa = PBXFileReference; lastKnownFileType = sourcecode.c.objc; path = AppDelegate.m; sourceTree = "<group>"; };
		E80A28FD18E373FB005F9C01 /* Base */ = {isa = PBXFileReference; lastKnownFileType = file.storyboard; name = Base; path = Base.lproj/Main.storyboard; sourceTree = "<group>"; };
		E80A28FF18E373FB005F9C01 /* ViewController.h */ = {isa = PBXFileReference; lastKnownFileType = sourcecode.c.h; path = ViewController.h; sourceTree = "<group>"; };
		E80A290018E373FB005F9C01 /* ViewController.m */ = {isa = PBXFileReference; lastKnownFileType = sourcecode.c.objc; path = ViewController.m; sourceTree = "<group>"; };
		E80A290218E373FB005F9C01 /* Images.xcassets */ = {isa = PBXFileReference; lastKnownFileType = folder.assetcatalog; path = Images.xcassets; sourceTree = "<group>"; };
		E80A290818E373FB005F9C01 /* helitutorialTests.xctest */ = {isa = PBXFileReference; explicitFileType = wrapper.cfbundle; includeInIndex = 0; path = helitutorialTests.xctest; sourceTree = BUILT_PRODUCTS_DIR; };
		E80A290918E373FB005F9C01 /* XCTest.framework */ = {isa = PBXFileReference; lastKnownFileType = wrapper.framework; name = XCTest.framework; path = Library/Frameworks/XCTest.framework; sourceTree = DEVELOPER_DIR; };
		E80A291118E373FB005F9C01 /* helitutorialTests-Info.plist */ = {isa = PBXFileReference; lastKnownFileType = text.plist.xml; path = "helitutorialTests-Info.plist"; sourceTree = "<group>"; };
		E80A291318E373FB005F9C01 /* en */ = {isa = PBXFileReference; lastKnownFileType = text.plist.strings; name = en; path = en.lproj/InfoPlist.strings; sourceTree = "<group>"; };
		E80A291518E373FB005F9C01 /* helitutorialTests.m */ = {isa = PBXFileReference; lastKnownFileType = sourcecode.c.objc; path = helitutorialTests.m; sourceTree = "<group>"; };
		E80A291F18E37534005F9C01 /* Obstacle.png */ = {isa = PBXFileReference; lastKnownFileType = image.png; path = Obstacle.png; sourceTree = "<group>"; };
		E80A292018E37534005F9C01 /* HeliUp.png */ = {isa = PBXFileReference; lastKnownFileType = image.png; path = HeliUp.png; sourceTree = "<group>"; };
		E80A292118E37534005F9C01 /* HeliDown.png */ = {isa = PBXFileReference; lastKnownFileType = image.png; path = HeliDown.png; sourceTree = "<group>"; };
		E80A292218E37534005F9C01 /* HeliBackGround.png */ = {isa = PBXFileReference; lastKnownFileType = image.png; path = HeliBackGround.png; sourceTree = "<group>"; };
		E80A292318E37534005F9C01 /* coffeebeans.png */ = {isa = PBXFileReference; lastKnownFileType = image.png; path = coffeebeans.png; sourceTree = "<group>"; };
/* End PBXFileReference section */

/* Begin PBXFrameworksBuildPhase section */
		E80A28E418E373FB005F9C01 /* Frameworks */ = {
			isa = PBXFrameworksBuildPhase;
			buildActionMask = 2147483647;
			files = (
				E80A28ED18E373FB005F9C01 /* CoreGraphics.framework in Frameworks */,
				E80A28EF18E373FB005F9C01 /* UIKit.framework in Frameworks */,
				E80A28EB18E373FB005F9C01 /* Foundation.framework in Frameworks */,
			);
			runOnlyForDeploymentPostprocessing = 0;
		};
		E80A290518E373FB005F9C01 /* Frameworks */ = {
			isa = PBXFrameworksBuildPhase;
			buildActionMask = 2147483647;
			files = (
				E80A290A18E373FB005F9C01 /* XCTest.framework in Frameworks */,
				E80A290C18E373FB005F9C01 /* UIKit.framework in Frameworks */,
				E80A290B18E373FB005F9C01 /* Foundation.framework in Frameworks */,
			);
			runOnlyForDeploymentPostprocessing = 0;
		};
/* End PBXFrameworksBuildPhase section */

/* Begin PBXGroup section */
		E80A28DE18E373FB005F9C01 = {
			isa = PBXGroup;
			children = (
				E80A28F018E373FB005F9C01 /* helitutorial */,
				E80A290F18E373FB005F9C01 /* helitutorialTests */,
				E80A28E918E373FB005F9C01 /* Frameworks */,
				E80A28E818E373FB005F9C01 /* Products */,
			);
			sourceTree = "<group>";
		};
		E80A28E818E373FB005F9C01 /* Products */ = {
			isa = PBXGroup;
			children = (
				E80A28E718E373FB005F9C01 /* helitutorial.app */,
				E80A290818E373FB005F9C01 /* helitutorialTests.xctest */,
			);
			name = Products;
			sourceTree = "<group>";
		};
		E80A28E918E373FB005F9C01 /* Frameworks */ = {
			isa = PBXGroup;
			children = (
				E80A28EA18E373FB005F9C01 /* Foundation.framework */,
				E80A28EC18E373FB005F9C01 /* CoreGraphics.framework */,
				E80A28EE18E373FB005F9C01 /* UIKit.framework */,
				E80A290918E373FB005F9C01 /* XCTest.framework */,
			);
			name = Frameworks;
			sourceTree = "<group>";
		};
		E80A28F018E373FB005F9C01 /* helitutorial */ = {
			isa = PBXGroup;
			children = (
				E80A28F918E373FB005F9C01 /* AppDelegate.h */,
				E80A28FA18E373FB005F9C01 /* AppDelegate.m */,
				E80A28FC18E373FB005F9C01 /* Main.storyboard */,
				E80A28FF18E373FB005F9C01 /* ViewController.h */,
				E80A290018E373FB005F9C01 /* ViewController.m */,
				E80A290218E373FB005F9C01 /* Images.xcassets */,
				E80A28F118E373FB005F9C01 /* Supporting Files */,
			);
			path = helitutorial;
			sourceTree = "<group>";
		};
		E80A28F118E373FB005F9C01 /* Supporting Files */ = {
			isa = PBXGroup;
			children = (
				E80A291F18E37534005F9C01 /* Obstacle.png */,
				E80A292018E37534005F9C01 /* HeliUp.png */,
				E80A292118E37534005F9C01 /* HeliDown.png */,
				E80A292218E37534005F9C01 /* HeliBackGround.png */,
				E80A292318E37534005F9C01 /* coffeebeans.png */,
				E80A28F218E373FB005F9C01 /* helitutorial-Info.plist */,
				E80A28F318E373FB005F9C01 /* InfoPlist.strings */,
				E80A28F618E373FB005F9C01 /* main.m */,
				E80A28F818E373FB005F9C01 /* helitutorial-Prefix.pch */,
			);
			name = "Supporting Files";
			sourceTree = "<group>";
		};
		E80A290F18E373FB005F9C01 /* helitutorialTests */ = {
			isa = PBXGroup;
			children = (
				E80A291518E373FB005F9C01 /* helitutorialTests.m */,
				E80A291018E373FB005F9C01 /* Supporting Files */,
			);
			path = helitutorialTests;
			sourceTree = "<group>";
		};
		E80A291018E373FB005F9C01 /* Supporting Files */ = {
			isa = PBXGroup;
			children = (
				E80A291118E373FB005F9C01 /* helitutorialTests-Info.plist */,
				E80A291218E373FB005F9C01 /* InfoPlist.strings */,
			);
			name = "Supporting Files";
			sourceTree = "<group>";
		};
/* End PBXGroup section */

/* Begin PBXNativeTarget section */
		E80A28E618E373FB005F9C01 /* helitutorial */ = {
			isa = PBXNativeTarget;
			buildConfigurationList = E80A291918E373FB005F9C01 /* Build configuration list for PBXNativeTarget "helitutorial" */;
			buildPhases = (
				E80A28E318E373FB005F9C01 /* Sources */,
				E80A28E418E373FB005F9C01 /* Frameworks */,
				E80A28E518E373FB005F9C01 /* Resources */,
			);
			buildRules = (
			);
			dependencies = (
			);
			name = helitutorial;
			productName = helitutorial;
			productReference = E80A28E718E373FB005F9C01 /* helitutorial.app */;
			productType = "com.apple.product-type.application";
		};
		E80A290718E373FB005F9C01 /* helitutorialTests */ = {
			isa = PBXNativeTarget;
			buildConfigurationList = E80A291C18E373FB005F9C01 /* Build configuration list for PBXNativeTarget "helitutorialTests" */;
			buildPhases = (
				E80A290418E373FB005F9C01 /* Sources */,
				E80A290518E373FB005F9C01 /* Frameworks */,
				E80A290618E373FB005F9C01 /* Resources */,
			);
			buildRules = (
			);
			dependencies = (
				E80A290E18E373FB005F9C01 /* PBXTargetDependency */,
			);
			name = helitutorialTests;
			productName = helitutorialTests;
			productReference = E80A290818E373FB005F9C01 /* helitutorialTests.xctest */;
			productType = "com.apple.product-type.bundle.unit-test";
		};
/* End PBXNativeTarget section */

/* Begin PBXProject section */
		E80A28DF18E373FB005F9C01 /* Project object */ = {
			isa = PBXProject;
			attributes = {
				LastUpgradeCheck = 0510;
				ORGANIZATIONNAME = "Home | Prakash Sinha";
				TargetAttributes = {
					E80A290718E373FB005F9C01 = {
						TestTargetID = E80A28E618E373FB005F9C01;
					};
				};
			};
			buildConfigurationList = E80A28E218E373FB005F9C01 /* Build configuration list for PBXProject "helitutorial" */;
			compatibilityVersion = "Xcode 3.2";
			developmentRegion = English;
			hasScannedForEncodings = 0;
			knownRegions = (
				en,
				Base,
			);
			mainGroup = E80A28DE18E373FB005F9C01;
			productRefGroup = E80A28E818E373FB005F9C01 /* Products */;
			projectDirPath = "";
			projectRoot = "";
			targets = (
				E80A28E618E373FB005F9C01 /* helitutorial */,
				E80A290718E373FB005F9C01 /* helitutorialTests */,
			);
		};
/* End PBXProject section */

/* Begin PBXResourcesBuildPhase section */
		E80A28E518E373FB005F9C01 /* Resources */ = {
			isa = PBXResourcesBuildPhase;
			buildActionMask = 2147483647;
			files = (
				E80A292518E37534005F9C01 /* HeliUp.png in Resources */,
				E80A292618E37534005F9C01 /* HeliDown.png in Resources */,
				E80A292418E37534005F9C01 /* Obstacle.png in Resources */,
				E80A292818E37534005F9C01 /* coffeebeans.png in Resources */,
				E80A290318E373FB005F9C01 /* Images.xcassets in Resources */,
				E80A292718E37534005F9C01 /* HeliBackGround.png in Resources */,
				E80A28F518E373FB005F9C01 /* InfoPlist.strings in Resources */,
				E80A28FE18E373FB005F9C01 /* Main.storyboard in Resources */,
			);
			runOnlyForDeploymentPostprocessing = 0;
		};
		E80A290618E373FB005F9C01 /* Resources */ = {
			isa = PBXResourcesBuildPhase;
			buildActionMask = 2147483647;
			files = (
				E80A291418E373FB005F9C01 /* InfoPlist.strings in Resources */,
			);
			runOnlyForDeploymentPostprocessing = 0;
		};
/* End PBXResourcesBuildPhase section */

/* Begin PBXSourcesBuildPhase section */
		E80A28E318E373FB005F9C01 /* Sources */ = {
			isa = PBXSourcesBuildPhase;
			buildActionMask = 2147483647;
			files = (
				E80A290118E373FB005F9C01 /* ViewController.m in Sources */,
				E80A28FB18E373FB005F9C01 /* AppDelegate.m in Sources */,
				E80A28F718E373FB005F9C01 /* main.m in Sources */,
			);
			runOnlyForDeploymentPostprocessing = 0;
		};
		E80A290418E373FB005F9C01 /* Sources */ = {
			isa = PBXSourcesBuildPhase;
			buildActionMask = 2147483647;
			files = (
				E80A291618E373FB005F9C01 /* helitutorialTests.m in Sources */,
			);
			runOnlyForDeploymentPostprocessing = 0;
		};
/* End PBXSourcesBuildPhase section */

/* Begin PBXTargetDependency section */
		E80A290E18E373FB005F9C01 /* PBXTargetDependency */ = {
			isa = PBXTargetDependency;
			target = E80A28E618E373FB005F9C01 /* helitutorial */;
			targetProxy = E80A290D18E373FB005F9C01 /* PBXContainerItemProxy */;
		};
/* End PBXTargetDependency section */

/* Begin PBXVariantGroup section */
		E80A28F318E373FB005F9C01 /* InfoPlist.strings */ = {
			isa = PBXVariantGroup;
			children = (
				E80A28F418E373FB005F9C01 /* en */,
			);
			name = InfoPlist.strings;
			sourceTree = "<group>";
		};
		E80A28FC18E373FB005F9C01 /* Main.storyboard */ = {
			isa = PBXVariantGroup;
			children = (
				E80A28FD18E373FB005F9C01 /* Base */,
			);
			name = Main.storyboard;
			sourceTree = "<group>";
		};
		E80A291218E373FB005F9C01 /* InfoPlist.strings */ = {
			isa = PBXVariantGroup;
			children = (
				E80A291318E373FB005F9C01 /* en */,
			);
			name = InfoPlist.strings;
			sourceTree = "<group>";
		};
/* End PBXVariantGroup section */

/* Begin XCBuildConfiguration section */
		E80A291718E373FB005F9C01 /* Debug */ = {
			isa = XCBuildConfiguration;
			buildSettings = {
				ALWAYS_SEARCH_USER_PATHS = NO;
				CLANG_CXX_LANGUAGE_STANDARD = "gnu++0x";
				CLANG_CXX_LIBRARY = "libc++";
				CLANG_ENABLE_MODULES = YES;
				CLANG_ENABLE_OBJC_ARC = YES;
				CLANG_WARN_BOOL_CONVERSION = YES;
				CLANG_WARN_CONSTANT_CONVERSION = YES;
				CLANG_WARN_DIRECT_OBJC_ISA_USAGE = YES_ERROR;
				CLANG_WARN_EMPTY_BODY = YES;
				CLANG_WARN_ENUM_CONVERSION = YES;
				CLANG_WARN_INT_CONVERSION = YES;
				CLANG_WARN_OBJC_ROOT_CLASS = YES_ERROR;
				CLANG_WARN__DUPLICATE_METHOD_MATCH = YES;
				"CODE_SIGN_IDENTITY[sdk=iphoneos*]" = "iPhone Developer";
				COPY_PHASE_STRIP = NO;
				GCC_C_LANGUAGE_STANDARD = gnu99;
				GCC_DYNAMIC_NO_PIC = NO;
				GCC_OPTIMIZATION_LEVEL = 0;
				GCC_PREPROCESSOR_DEFINITIONS = (
					"DEBUG=1",
					"$(inherited)",
				);
				GCC_SYMBOLS_PRIVATE_EXTERN = NO;
				GCC_WARN_64_TO_32_BIT_CONVERSION = YES;
				GCC_WARN_ABOUT_RETURN_TYPE = YES_ERROR;
				GCC_WARN_UNDECLARED_SELECTOR = YES;
				GCC_WARN_UNINITIALIZED_AUTOS = YES_AGGRESSIVE;
				GCC_WARN_UNUSED_FUNCTION = YES;
				GCC_WARN_UNUSED_VARIABLE = YES;
				IPHONEOS_DEPLOYMENT_TARGET = 7.1;
				ONLY_ACTIVE_ARCH = YES;
				SDKROOT = iphoneos;
			};
			name = Debug;
		};
		E80A291818E373FB005F9C01 /* Release */ = {
			isa = XCBuildConfiguration;
			buildSettings = {
				ALWAYS_SEARCH_USER_PATHS = NO;
				CLANG_CXX_LANGUAGE_STANDARD = "gnu++0x";
				CLANG_CXX_LIBRARY = "libc++";
				CLANG_ENABLE_MODULES = YES;
				CLANG_ENABLE_OBJC_ARC = YES;
				CLANG_WARN_BOOL_CONVERSION = YES;
				CLANG_WARN_CONSTANT_CONVERSION = YES;
				CLANG_WARN_DIRECT_OBJC_ISA_USAGE = YES_ERROR;
				CLANG_WARN_EMPTY_BODY = YES;
				CLANG_WARN_ENUM_CONVERSION = YES;
				CLANG_WARN_INT_CONVERSION = YES;
				CLANG_WARN_OBJC_ROOT_CLASS = YES_ERROR;
				CLANG_WARN__DUPLICATE_METHOD_MATCH = YES;
				"CODE_SIGN_IDENTITY[sdk=iphoneos*]" = "iPhone Developer";
				COPY_PHASE_STRIP = YES;
				ENABLE_NS_ASSERTIONS = NO;
				GCC_C_LANGUAGE_STANDARD = gnu99;
				GCC_WARN_64_TO_32_BIT_CONVERSION = YES;
				GCC_WARN_ABOUT_RETURN_TYPE = YES_ERROR;
				GCC_WARN_UNDECLARED_SELECTOR = YES;
				GCC_WARN_UNINITIALIZED_AUTOS = YES_AGGRESSIVE;
				GCC_WARN_UNUSED_FUNCTION = YES;
				GCC_WARN_UNUSED_VARIABLE = YES;
				IPHONEOS_DEPLOYMENT_TARGET = 7.1;
				SDKROOT = iphoneos;
				VALIDATE_PRODUCT = YES;
			};
			name = Release;
		};
		E80A291A18E373FB005F9C01 /* Debug */ = {
			isa = XCBuildConfiguration;
			buildSettings = {
				ASSETCATALOG_COMPILER_APPICON_NAME = AppIcon;
				ASSETCATALOG_COMPILER_LAUNCHIMAGE_NAME = LaunchImage;
				GCC_PRECOMPILE_PREFIX_HEADER = YES;
				GCC_PREFIX_HEADER = "helitutorial/helitutorial-Prefix.pch";
				INFOPLIST_FILE = "helitutorial/helitutorial-Info.plist";
				PRODUCT_NAME = "$(TARGET_NAME)";
				WRAPPER_EXTENSION = app;
			};
			name = Debug;
		};
		E80A291B18E373FB005F9C01 /* Release */ = {
			isa = XCBuildConfiguration;
			buildSettings = {
				ASSETCATALOG_COMPILER_APPICON_NAME = AppIcon;
				ASSETCATALOG_COMPILER_LAUNCHIMAGE_NAME = LaunchImage;
				GCC_PRECOMPILE_PREFIX_HEADER = YES;
				GCC_PREFIX_HEADER = "helitutorial/helitutorial-Prefix.pch";
				INFOPLIST_FILE = "helitutorial/helitutorial-Info.plist";
				PRODUCT_NAME = "$(TARGET_NAME)";
				WRAPPER_EXTENSION = app;
			};
			name = Release;
		};
		E80A291D18E373FB005F9C01 /* Debug */ = {
			isa = XCBuildConfiguration;
			buildSettings = {
				BUNDLE_LOADER = "$(BUILT_PRODUCTS_DIR)/helitutorial.app/helitutorial";
				FRAMEWORK_SEARCH_PATHS = (
					"$(SDKROOT)/Developer/Library/Frameworks",
					"$(inherited)",
					"$(DEVELOPER_FRAMEWORKS_DIR)",
				);
				GCC_PRECOMPILE_PREFIX_HEADER = YES;
				GCC_PREFIX_HEADER = "helitutorial/helitutorial-Prefix.pch";
				GCC_PREPROCESSOR_DEFINITIONS = (
					"DEBUG=1",
					"$(inherited)",
				);
				INFOPLIST_FILE = "helitutorialTests/helitutorialTests-Info.plist";
				PRODUCT_NAME = "$(TARGET_NAME)";
				TEST_HOST = "$(BUNDLE_LOADER)";
				WRAPPER_EXTENSION = xctest;
			};
			name = Debug;
		};
		E80A291E18E373FB005F9C01 /* Release */ = {
			isa = XCBuildConfiguration;
			buildSettings = {
				BUNDLE_LOADER = "$(BUILT_PRODUCTS_DIR)/helitutorial.app/helitutorial";
				FRAMEWORK_SEARCH_PATHS = (
					"$(SDKROOT)/Developer/Library/Frameworks",
					"$(inherited)",
					"$(DEVELOPER_FRAMEWORKS_DIR)",
				);
				GCC_PRECOMPILE_PREFIX_HEADER = YES;
				GCC_PREFIX_HEADER = "helitutorial/helitutorial-Prefix.pch";
				INFOPLIST_FILE = "helitutorialTests/helitutorialTests-Info.plist";
				PRODUCT_NAME = "$(TARGET_NAME)";
				TEST_HOST = "$(BUNDLE_LOADER)";
				WRAPPER_EXTENSION = xctest;
			};
			name = Release;
		};
/* End XCBuildConfiguration section */

/* Begin XCConfigurationList section */
		E80A28E218E373FB005F9C01 /* Build configuration list for PBXProject "helitutorial" */ = {
			isa = XCConfigurationList;
			buildConfigurations = (
				E80A291718E373FB005F9C01 /* Debug */,
				E80A291818E373FB005F9C01 /* Release */,
			);
			defaultConfigurationIsVisible = 0;
			defaultConfigurationName = Release;
		};
		E80A291918E373FB005F9C01 /* Build configuration list for PBXNativeTarget "helitutorial" */ = {
			isa = XCConfigurationList;
			buildConfigurations = (
				E80A291A18E373FB005F9C01 /* Debug */,
				E80A291B18E373FB005F9C01 /* Release */,
			);
			defaultConfigurationIsVisible = 0;
		};
		E80A291C18E373FB005F9C01 /* Build configuration list for PBXNativeTarget "helitutorialTests" */ = {
			isa = XCConfigurationList;
			buildConfigurations = (
				E80A291D18E373FB005F9C01 /* Debug */,
				E80A291E18E373FB005F9C01 /* Release */,
			);
			defaultConfigurationIsVisible = 0;
		};
/* End XCConfigurationList section */
	};
	rootObject = E80A28DF18E373FB005F9C01 /* Project object */;
}
